# This file is automatically @generated by Cargo.
# It is not intended for manual editing.
version = 4

[[package]]
name = "onyx"
version = "0.1.0"
dependencies = [
 "time-format",
]

[[package]]
name = "time-format"
version = "1.2.2"
source = "registry+https://github.com/rust-lang/crates.io-index"
checksum = "caa08af685f978227b475da86d38312cd1acd5024338bf53a1ab9a799219507d"
